// !$*UTF8*$!
{
	archiveVersion = 1;
	classes = {
	};
	objectVersion = 56;
	objects = {

/* Begin PBXBuildFile section */
		9BB18B5C2941491400FEF02E /* Option.cpp in Sources */ = {isa = PBXBuildFile; fileRef = 9BB18B5A2941491400FEF02E /* Option.cpp */; };
		9BB18B5F29414ABE00FEF02E /* FiniteDifference.cpp in Sources */ = {isa = PBXBuildFile; fileRef = 9BB18B5D29414ABE00FEF02E /* FiniteDifference.cpp */; };
		9BD7F0E22935423800FEC86C /* main.cpp in Sources */ = {isa = PBXBuildFile; fileRef = 9BD7F0E12935423800FEC86C /* main.cpp */; };
		9BD7F0F12935449B00FEC86C /* LinearSolver.cpp in Sources */ = {isa = PBXBuildFile; fileRef = 9BD7F0EF2935449B00FEC86C /* LinearSolver.cpp */; };
		9BD7F0F42935450400FEC86C /* Decomposer.cpp in Sources */ = {isa = PBXBuildFile; fileRef = 9BD7F0F22935450400FEC86C /* Decomposer.cpp */; };
		9BD7F0F72935453D00FEC86C /* IterativeSolver.cpp in Sources */ = {isa = PBXBuildFile; fileRef = 9BD7F0F52935453D00FEC86C /* IterativeSolver.cpp */; };
		9BFADA1A2944492F005F20E8 /* BinomialTree.cpp in Sources */ = {isa = PBXBuildFile; fileRef = 9BFADA182944492F005F20E8 /* BinomialTree.cpp */; };
		9BFADA2329444D1B005F20E8 /* MonteCarlo.cpp in Sources */ = {isa = PBXBuildFile; fileRef = 9BFADA2229444D1B005F20E8 /* MonteCarlo.cpp */; };
/* End PBXBuildFile section */

/* Begin PBXCopyFilesBuildPhase section */
		9BD7F0DC2935423800FEC86C /* CopyFiles */ = {
			isa = PBXCopyFilesBuildPhase;
			buildActionMask = 2147483647;
			dstPath = /usr/share/man/man1/;
			dstSubfolderSpec = 0;
			files = (
			);
			runOnlyForDeploymentPostprocessing = 1;
		};
/* End PBXCopyFilesBuildPhase section */

/* Begin PBXFileReference section */
		9BB18B5A2941491400FEF02E /* Option.cpp */ = {isa = PBXFileReference; lastKnownFileType = sourcecode.cpp.cpp; path = Option.cpp; sourceTree = "<group>"; };
		9BB18B5B2941491400FEF02E /* Option.hpp */ = {isa = PBXFileReference; lastKnownFileType = sourcecode.cpp.h; path = Option.hpp; sourceTree = "<group>"; };
		9BB18B5D29414ABE00FEF02E /* FiniteDifference.cpp */ = {isa = PBXFileReference; lastKnownFileType = sourcecode.cpp.cpp; path = FiniteDifference.cpp; sourceTree = "<group>"; };
		9BB18B5E29414ABE00FEF02E /* FiniteDifference.hpp */ = {isa = PBXFileReference; lastKnownFileType = sourcecode.cpp.h; path = FiniteDifference.hpp; sourceTree = "<group>"; };
		9BD7F0DE2935423800FEC86C /* FD */ = {isa = PBXFileReference; explicitFileType = "compiled.mach-o.executable"; includeInIndex = 0; path = FD; sourceTree = BUILT_PRODUCTS_DIR; };
		9BD7F0E12935423800FEC86C /* main.cpp */ = {isa = PBXFileReference; lastKnownFileType = sourcecode.cpp.cpp; path = main.cpp; sourceTree = "<group>"; };
		9BD7F0E82935425F00FEC86C /* EigenCommonHeader.h */ = {isa = PBXFileReference; lastKnownFileType = sourcecode.c.h; path = EigenCommonHeader.h; sourceTree = "<group>"; };
		9BD7F0EF2935449B00FEC86C /* LinearSolver.cpp */ = {isa = PBXFileReference; lastKnownFileType = sourcecode.cpp.cpp; path = LinearSolver.cpp; sourceTree = "<group>"; };
		9BD7F0F02935449B00FEC86C /* LinearSolver.hpp */ = {isa = PBXFileReference; lastKnownFileType = sourcecode.cpp.h; path = LinearSolver.hpp; sourceTree = "<group>"; };
		9BD7F0F22935450400FEC86C /* Decomposer.cpp */ = {isa = PBXFileReference; lastKnownFileType = sourcecode.cpp.cpp; path = Decomposer.cpp; sourceTree = "<group>"; };
		9BD7F0F32935450400FEC86C /* Decomposer.hpp */ = {isa = PBXFileReference; lastKnownFileType = sourcecode.cpp.h; path = Decomposer.hpp; sourceTree = "<group>"; };
		9BD7F0F52935453D00FEC86C /* IterativeSolver.cpp */ = {isa = PBXFileReference; lastKnownFileType = sourcecode.cpp.cpp; path = IterativeSolver.cpp; sourceTree = "<group>"; };
		9BD7F0F62935453D00FEC86C /* IterativeSolver.hpp */ = {isa = PBXFileReference; lastKnownFileType = sourcecode.cpp.h; path = IterativeSolver.hpp; sourceTree = "<group>"; };
		9BDD3CDF2942B3CD00F8E56C /* RandomNumberGenerator.hpp */ = {isa = PBXFileReference; fileEncoding = 4; lastKnownFileType = sourcecode.cpp.h; path = RandomNumberGenerator.hpp; sourceTree = "<group>"; };
		9BFADA182944492F005F20E8 /* BinomialTree.cpp */ = {isa = PBXFileReference; lastKnownFileType = sourcecode.cpp.cpp; path = BinomialTree.cpp; sourceTree = "<group>"; };
		9BFADA192944492F005F20E8 /* BinomialTree.hpp */ = {isa = PBXFileReference; lastKnownFileType = sourcecode.cpp.h; path = BinomialTree.hpp; sourceTree = "<group>"; };
		9BFADA2129444D1B005F20E8 /* MonteCarlo.hpp */ = {isa = PBXFileReference; fileEncoding = 4; lastKnownFileType = sourcecode.cpp.h; path = MonteCarlo.hpp; sourceTree = "<group>"; };
		9BFADA2229444D1B005F20E8 /* MonteCarlo.cpp */ = {isa = PBXFileReference; fileEncoding = 4; lastKnownFileType = sourcecode.cpp.cpp; path = MonteCarlo.cpp; sourceTree = "<group>"; };
/* End PBXFileReference section */

/* Begin PBXFrameworksBuildPhase section */
		9BD7F0DB2935423800FEC86C /* Frameworks */ = {
			isa = PBXFrameworksBuildPhase;
			buildActionMask = 2147483647;
			files = (
			);
			runOnlyForDeploymentPostprocessing = 0;
		};
/* End PBXFrameworksBuildPhase section */

/* Begin PBXGroup section */
		9BD7F0D52935423800FEC86C = {
			isa = PBXGroup;
			children = (
				9BFADA2229444D1B005F20E8 /* MonteCarlo.cpp */,
				9BFADA2129444D1B005F20E8 /* MonteCarlo.hpp */,
				9BFADA182944492F005F20E8 /* BinomialTree.cpp */,
				9BFADA192944492F005F20E8 /* BinomialTree.hpp */,
				9BB18B5E29414ABE00FEF02E /* FiniteDifference.hpp */,
				9BDD3CDF2942B3CD00F8E56C /* RandomNumberGenerator.hpp */,
				9BB18B5D29414ABE00FEF02E /* FiniteDifference.cpp */,
				9BD7F0F52935453D00FEC86C /* IterativeSolver.cpp */,
				9BD7F0F62935453D00FEC86C /* IterativeSolver.hpp */,
				9BD7F0F02935449B00FEC86C /* LinearSolver.hpp */,
				9BB18B5B2941491400FEF02E /* Option.hpp */,
				9BB18B5A2941491400FEF02E /* Option.cpp */,
				9BD7F0F32935450400FEC86C /* Decomposer.hpp */,
				9BD7F0F22935450400FEC86C /* Decomposer.cpp */,
				9BD7F0EF2935449B00FEC86C /* LinearSolver.cpp */,
				9BD7F0E82935425F00FEC86C /* EigenCommonHeader.h */,
				9BD7F0E12935423800FEC86C /* main.cpp */,
				9BD7F0DF2935423800FEC86C /* Products */,
			);
			sourceTree = "<group>";
		};
		9BD7F0DF2935423800FEC86C /* Products */ = {
			isa = PBXGroup;
			children = (
				9BD7F0DE2935423800FEC86C /* FD */,
			);
			name = Products;
			sourceTree = "<group>";
		};
/* End PBXGroup section */

/* Begin PBXNativeTarget section */
		9BD7F0DD2935423800FEC86C /* FD */ = {
			isa = PBXNativeTarget;
			buildConfigurationList = 9BD7F0E52935423800FEC86C /* Build configuration list for PBXNativeTarget "FD" */;
			buildPhases = (
				9BD7F0DA2935423800FEC86C /* Sources */,
				9BD7F0DB2935423800FEC86C /* Frameworks */,
				9BD7F0DC2935423800FEC86C /* CopyFiles */,
			);
			buildRules = (
			);
			dependencies = (
			);
			name = FD;
			productName = MTH9815_HW12_FD;
			productReference = 9BD7F0DE2935423800FEC86C /* FD */;
			productType = "com.apple.product-type.tool";
		};
/* End PBXNativeTarget section */

/* Begin PBXProject section */
		9BD7F0D62935423800FEC86C /* Project object */ = {
			isa = PBXProject;
			attributes = {
				BuildIndependentTargetsInParallel = 1;
				LastUpgradeCheck = 1410;
				TargetAttributes = {
					9BD7F0DD2935423800FEC86C = {
						CreatedOnToolsVersion = 14.1;
					};
				};
			};
			buildConfigurationList = 9BD7F0D92935423800FEC86C /* Build configuration list for PBXProject "FD" */;
			compatibilityVersion = "Xcode 14.0";
			developmentRegion = en;
			hasScannedForEncodings = 0;
			knownRegions = (
				en,
				Base,
			);
			mainGroup = 9BD7F0D52935423800FEC86C;
			productRefGroup = 9BD7F0DF2935423800FEC86C /* Products */;
			projectDirPath = "";
			projectRoot = "";
			targets = (
				9BD7F0DD2935423800FEC86C /* FD */,
			);
		};
/* End PBXProject section */

/* Begin PBXSourcesBuildPhase section */
		9BD7F0DA2935423800FEC86C /* Sources */ = {
			isa = PBXSourcesBuildPhase;
			buildActionMask = 2147483647;
			files = (
				9BB18B5C2941491400FEF02E /* Option.cpp in Sources */,
				9BD7F0F72935453D00FEC86C /* IterativeSolver.cpp in Sources */,
				9BD7F0E22935423800FEC86C /* main.cpp in Sources */,
				9BFADA2329444D1B005F20E8 /* MonteCarlo.cpp in Sources */,
				9BFADA1A2944492F005F20E8 /* BinomialTree.cpp in Sources */,
				9BD7F0F12935449B00FEC86C /* LinearSolver.cpp in Sources */,
				9BB18B5F29414ABE00FEF02E /* FiniteDifference.cpp in Sources */,
				9BD7F0F42935450400FEC86C /* Decomposer.cpp in Sources */,
			);
			runOnlyForDeploymentPostprocessing = 0;
		};
/* End PBXSourcesBuildPhase section */

/* Begin XCBuildConfiguration section */
		9BD7F0E32935423800FEC86C /* Debug */ = {
			isa = XCBuildConfiguration;
			buildSettings = {
				ALWAYS_SEARCH_USER_PATHS = NO;
				CLANG_ANALYZER_NONNULL = YES;
				CLANG_ANALYZER_NUMBER_OBJECT_CONVERSION = YES_AGGRESSIVE;
				CLANG_CXX_LANGUAGE_STANDARD = "c++17";
				CLANG_ENABLE_MODULES = YES;
				CLANG_ENABLE_OBJC_ARC = YES;
				CLANG_ENABLE_OBJC_WEAK = YES;
				CLANG_WARN_BLOCK_CAPTURE_AUTORELEASING = YES;
				CLANG_WARN_BOOL_CONVERSION = YES;
				CLANG_WARN_COMMA = YES;
				CLANG_WARN_CONSTANT_CONVERSION = YES;
				CLANG_WARN_DEPRECATED_OBJC_IMPLEMENTATIONS = YES;
				CLANG_WARN_DIRECT_OBJC_ISA_USAGE = YES_ERROR;
				CLANG_WARN_DOCUMENTATION_COMMENTS = YES;
				CLANG_WARN_EMPTY_BODY = YES;
				CLANG_WARN_ENUM_CONVERSION = YES;
				CLANG_WARN_INFINITE_RECURSION = YES;
				CLANG_WARN_INT_CONVERSION = YES;
				CLANG_WARN_NON_LITERAL_NULL_CONVERSION = YES;
				CLANG_WARN_OBJC_IMPLICIT_RETAIN_SELF = YES;
				CLANG_WARN_OBJC_LITERAL_CONVERSION = YES;
				CLANG_WARN_OBJC_ROOT_CLASS = YES_ERROR;
				CLANG_WARN_QUOTED_INCLUDE_IN_FRAMEWORK_HEADER = YES;
				CLANG_WARN_RANGE_LOOP_ANALYSIS = YES;
				CLANG_WARN_STRICT_PROTOTYPES = YES;
				CLANG_WARN_SUSPICIOUS_MOVE = YES;
				CLANG_WARN_UNGUARDED_AVAILABILITY = YES_AGGRESSIVE;
				CLANG_WARN_UNREACHABLE_CODE = YES;
				CLANG_WARN__DUPLICATE_METHOD_MATCH = YES;
				COPY_PHASE_STRIP = NO;
				DEBUG_INFORMATION_FORMAT = dwarf;
				ENABLE_STRICT_OBJC_MSGSEND = YES;
				ENABLE_TESTABILITY = YES;
				GCC_C_LANGUAGE_STANDARD = gnu11;
				GCC_DYNAMIC_NO_PIC = NO;
				GCC_NO_COMMON_BLOCKS = YES;
				GCC_OPTIMIZATION_LEVEL = 0;
				GCC_PREPROCESSOR_DEFINITIONS = (
					"DEBUG=1",
					"$(inherited)",
				);
				GCC_WARN_64_TO_32_BIT_CONVERSION = YES;
				GCC_WARN_ABOUT_RETURN_TYPE = YES_ERROR;
				GCC_WARN_UNDECLARED_SELECTOR = YES;
				GCC_WARN_UNINITIALIZED_AUTOS = YES_AGGRESSIVE;
				GCC_WARN_UNUSED_FUNCTION = YES;
				GCC_WARN_UNUSED_VARIABLE = YES;
				HEADER_SEARCH_PATHS = /usr/local/include;
				MACOSX_DEPLOYMENT_TARGET = 12.5;
				MTL_ENABLE_DEBUG_INFO = INCLUDE_SOURCE;
				MTL_FAST_MATH = YES;
				ONLY_ACTIVE_ARCH = YES;
				SDKROOT = macosx;
			};
			name = Debug;
		};
		9BD7F0E42935423800FEC86C /* Release */ = {
			isa = XCBuildConfiguration;
			buildSettings = {
				ALWAYS_SEARCH_USER_PATHS = NO;
				CLANG_ANALYZER_NONNULL = YES;
				CLANG_ANALYZER_NUMBER_OBJECT_CONVERSION = YES_AGGRESSIVE;
				CLANG_CXX_LANGUAGE_STANDARD = "c++17";
				CLANG_ENABLE_MODULES = YES;
				CLANG_ENABLE_OBJC_ARC = YES;
				CLANG_ENABLE_OBJC_WEAK = YES;
				CLANG_WARN_BLOCK_CAPTURE_AUTORELEASING = YES;
				CLANG_WARN_BOOL_CONVERSION = YES;
				CLANG_WARN_COMMA = YES;
				CLANG_WARN_CONSTANT_CONVERSION = YES;
				CLANG_WARN_DEPRECATED_OBJC_IMPLEMENTATIONS = YES;
				CLANG_WARN_DIRECT_OBJC_ISA_USAGE = YES_ERROR;
				CLANG_WARN_DOCUMENTATION_COMMENTS = YES;
				CLANG_WARN_EMPTY_BODY = YES;
				CLANG_WARN_ENUM_CONVERSION = YES;
				CLANG_WARN_INFINITE_RECURSION = YES;
				CLANG_WARN_INT_CONVERSION = YES;
				CLANG_WARN_NON_LITERAL_NULL_CONVERSION = YES;
				CLANG_WARN_OBJC_IMPLICIT_RETAIN_SELF = YES;
				CLANG_WARN_OBJC_LITERAL_CONVERSION = YES;
				CLANG_WARN_OBJC_ROOT_CLASS = YES_ERROR;
				CLANG_WARN_QUOTED_INCLUDE_IN_FRAMEWORK_HEADER = YES;
				CLANG_WARN_RANGE_LOOP_ANALYSIS = YES;
				CLANG_WARN_STRICT_PROTOTYPES = YES;
				CLANG_WARN_SUSPICIOUS_MOVE = YES;
				CLANG_WARN_UNGUARDED_AVAILABILITY = YES_AGGRESSIVE;
				CLANG_WARN_UNREACHABLE_CODE = YES;
				CLANG_WARN__DUPLICATE_METHOD_MATCH = YES;
				COPY_PHASE_STRIP = NO;
				DEBUG_INFORMATION_FORMAT = "dwarf-with-dsym";
				ENABLE_NS_ASSERTIONS = NO;
				ENABLE_STRICT_OBJC_MSGSEND = YES;
				GCC_C_LANGUAGE_STANDARD = gnu11;
				GCC_NO_COMMON_BLOCKS = YES;
				GCC_WARN_64_TO_32_BIT_CONVERSION = YES;
				GCC_WARN_ABOUT_RETURN_TYPE = YES_ERROR;
				GCC_WARN_UNDECLARED_SELECTOR = YES;
				GCC_WARN_UNINITIALIZED_AUTOS = YES_AGGRESSIVE;
				GCC_WARN_UNUSED_FUNCTION = YES;
				GCC_WARN_UNUSED_VARIABLE = YES;
				HEADER_SEARCH_PATHS = /usr/local/include;
				MACOSX_DEPLOYMENT_TARGET = 12.5;
				MTL_ENABLE_DEBUG_INFO = NO;
				MTL_FAST_MATH = YES;
				SDKROOT = macosx;
			};
			name = Release;
		};
		9BD7F0E62935423800FEC86C /* Debug */ = {
			isa = XCBuildConfiguration;
			buildSettings = {
				CODE_SIGN_STYLE = Automatic;
				DEVELOPMENT_TEAM = ZFJNM9X7LQ;
				ENABLE_HARDENED_RUNTIME = YES;
				PRODUCT_NAME = "$(TARGET_NAME)";
			};
			name = Debug;
		};
		9BD7F0E72935423800FEC86C /* Release */ = {
			isa = XCBuildConfiguration;
			buildSettings = {
				CODE_SIGN_STYLE = Automatic;
				DEVELOPMENT_TEAM = ZFJNM9X7LQ;
				ENABLE_HARDENED_RUNTIME = YES;
				PRODUCT_NAME = "$(TARGET_NAME)";
			};
			name = Release;
		};
/* End XCBuildConfiguration section */

/* Begin XCConfigurationList section */
		9BD7F0D92935423800FEC86C /* Build configuration list for PBXProject "FD" */ = {
			isa = XCConfigurationList;
			buildConfigurations = (
				9BD7F0E32935423800FEC86C /* Debug */,
				9BD7F0E42935423800FEC86C /* Release */,
			);
			defaultConfigurationIsVisible = 0;
			defaultConfigurationName = Release;
		};
		9BD7F0E52935423800FEC86C /* Build configuration list for PBXNativeTarget "FD" */ = {
			isa = XCConfigurationList;
			buildConfigurations = (
				9BD7F0E62935423800FEC86C /* Debug */,
				9BD7F0E72935423800FEC86C /* Release */,
			);
			defaultConfigurationIsVisible = 0;
			defaultConfigurationName = Release;
		};
/* End XCConfigurationList section */
	};
	rootObject = 9BD7F0D62935423800FEC86C /* Project object */;
}
